{
    "_readme": [
        "This file locks the dependencies of your project to a known state",
        "Read more about it at https://getcomposer.org/doc/01-basic-usage.md#composer-lock-the-lock-file",
        "This file is @generated automatically"
    ],
    "hash": "378ec0e04761799311ef92032b5a9e90",
    "content-hash": "9e8f40135a092b68505136d78a4c9c70",
    "packages": [
        {
            "name": "logikostech/common",
            "version": "dev-master",
            "source": {
                "type": "git",
                "url": "https://github.com/logikostech/common",
                "reference": "c02a73214eb7b633725b3fdcd4fa2bc64b403450"
            },
            "require": {
                "ext-phalcon": "2.*",
                "php": ">=5.4"
            },
            "type": "library",
            "autoload": {
                "psr-4": {
                    "Logikos\\": "src/",
                    "Logikos\\Tests\\": "tests/"
                }
            },
            "license": [
                "MIT"
            ],
            "authors": [
                {
                    "name": "Todd Empcke",
                    "email": "tempcke@logikostech.net"
                }
            ],
            "description": "Miscellaneous useful classes, interfaces, and traits",
            "homepage": "https://github.com/logikostech/common",
            "keywords": [
                "common",
                "logikos",
                "logikostech",
                "phalcon",
                "plugin"
            ],
            "time": "2016-05-22 04:43:11"
        }
    ],
    "packages-dev": null,
    "aliases": [],
    "minimum-stability": "stable",
    "stability-flags": {
        "logikostech/common": 20
    },
    "prefer-stable": false,
    "prefer-lowest": false,
    "platform": {
        "php": ">=5.4",
        "ext-phalcon": "2.*"
    },
    "platform-dev": []
}
